github.com/alexkappa/mustache v0.0.0-20191113130723-8bb9cfca2bfa h1:dRKEaSUUt7RTzY5j7cJeXRVGwSX+VZZdi5kvSguBjIE=
github.com/alexkappa/mustache v0.0.0-20191113130723-8bb9cfca2bfa/go.mod h1:6v0WNoCZEQ8K5OZAv82ScIARg2bDqFD+Jl0LWxnApas=
github.com/davecgh/go-spew v1.1.1 h1:vj9j/u1bqnvCEfJOwUhtlOARqs3+rkHYY13jYWTU97c=
github.com/pelletier/go-toml v1.9.5 h1:4yBQzkHv+7BHq2PQUZF3Mx0IYxG7LsP222s7Agd3ve8=
github.com/pelletier/go-toml v1.9.5/go.mod h1:u1nR/EPcESfeI/szUZKdtJ0xRNbUoANCkoOuaOx1Y+c=
github.com/pmezard/go-difflib v1.0.0 h1:4DBwDE0NGyQoBHbLQYPwSUPoCMWR5BEzIk/f1lZbAQM=
github.com/stretchr/testify v1.8.2 h1:+h33VjcLVPDHtOdpUCuF+7gSuG3yGIftsP1YvFihtJ8=
github.com/tpfeiffer67/multistrings v1.1.0 h1:FOpIZtV8p5Be4hQi2jQGwPRUPbycDQu55LZs475fWIY=
github.com/tpfeiffer67/multistrings v1.1.0/go.mod h1:QYRqsq9jfcHEV/B8OSff5U1L0eQL6RFSUrc2caqznkc=
github.com/tpfeiffer67/runesstr v1.0.0 h1:cnOtDA56aspKrZzaNB3Xgqe3Jo8PUKGwVvnjt82qkoA=
github.com/tpfeiffer67/runesstr v1.0.0/go.mod h1:q5rSoppm3zBMJjeKGoJmQqXdupgeUWkCy15e83wUlgM=
github.com/tpfeiffer67/tree v0.0.0-20230228104253-1893945f5f56 h1:ujDd3XxVeXb0wkCztBjEKKUeNUGuboo6ACJ0UDaccEM=
github.com/tpfeiffer67/tree v0.0.0-20230228104253-1893945f5f56/go.mod h1:kGbqOWyPsAmGK6GXbRsGSHbNtE0J3xj+/byY46mIA98=
github.com/tpfeiffer67/tree/imp/indentedtext v0.0.0-20230228104253-1893945f5f56 h1:6MIZpKCJ1oGMM2F+VTUttI6cfv4nroZ+T19ENltiTss=
github.com/tpfeiffer67/tree/imp/indentedtext v0.0.0-20230228104253-1893945f5f56/go.mod h1:uua7vNGRYlUxm78g95eRwVgKTJlgxiQHP/vWjTurd7M=
gopkg.in/karalabe/cookiejar.v2 v2.0.0-20150724131613-8dcd6a7f4951 h1:DMTcQRFbEH62YPRWwOI647s2e5mHda3oBPMHfrLs2bw=
gopkg.in/karalabe/cookiejar.v2 v2.0.0-20150724131613-8dcd6a7f4951/go.mod h1:owOxCRGGeAx1uugABik6K9oeNu1cgxP/R9ItzLDxNWA=
gopkg.in/yaml.v3 v3.0.1 h1:fxVm/GzAzEWqLHuvctI91KS9hhNmmWOoWu0XTYJS7CA=
